{
    "name": "fopsy",
    "version": "1.0.0",
    "lockfileVersion": 3,
    "requires": true,
    "packages": {
        "": {
            "name": "fopsy",
            "version": "1.0.0",
            "license": "MIT",
            "dependencies": {
                "type-approve": "^3.1.0"
            }
        },
        "node_modules/type-approve": {
            "version": "3.1.0",
            "resolved": "https://registry.npmjs.org/type-approve/-/type-approve-3.1.0.tgz",
            "integrity": "sha512-LIgIXDR8zUlM5Vm335i9ksoD9NCanp9jkfcske9wAukPFBxLb16gOYFhq70ScrhVvimsPASkbj7pB5UwcF2vJw=="
        }
    }
}
